
Microsoft Visual Studio Solution File, Format Version 12.00
# Visual Studio 2012
Project("{FAE04EC0-301F-11D3-BF4B-00C04F79EFBC}") = "ChartDemo", "ChartDemo\ChartDemo.csproj", "{07C1F20F-EA20-4084-B81B-6105B8764BA8}"
EndProject
Global
	GlobalSection(SolutionConfigurationPlatforms) = preSolution
		Debug|iPhoneSimulator = Debug|iPhoneSimulator
		Release|iPhone = Release|iPhone
		Release|iPhoneSimulator = Release|iPhoneSimulator
		Debug|iPhone = Debug|iPhone
	EndGlobalSection
	GlobalSection(ProjectConfigurationPlatforms) = postSolution
		{07C1F20F-EA20-4084-B81B-6105B8764BA8}.Debug|iPhoneSimulator.ActiveCfg = Debug|iPhoneSimulator
		{07C1F20F-EA20-4084-B81B-6105B8764BA8}.Debug|iPhoneSimulator.Build.0 = Debug|iPhoneSimulator
		{07C1F20F-EA20-4084-B81B-6105B8764BA8}.Release|iPhone.ActiveCfg = Release|iPhone
		{07C1F20F-EA20-4084-B81B-6105B8764BA8}.Release|iPhone.Build.0 = Release|iPhone
		{07C1F20F-EA20-4084-B81B-6105B8764BA8}.Release|iPhoneSimulator.ActiveCfg = Release|iPhoneSimulator
		{07C1F20F-EA20-4084-B81B-6105B8764BA8}.Release|iPhoneSimulator.Build.0 = Release|iPhoneSimulator
		{07C1F20F-EA20-4084-B81B-6105B8764BA8}.Debug|iPhone.ActiveCfg = Debug|iPhone
		{07C1F20F-EA20-4084-B81B-6105B8764BA8}.Debug|iPhone.Build.0 = Debug|iPhone
	EndGlobalSection
EndGlobal
